
Microsoft Visual Studio Solution File, Format Version 12.00
# Visual Studio Version 17
VisualStudioVersion = 17.13.35919.96
MinimumVisualStudioVersion = 10.0.40219.1
Project("{FAE04EC0-301F-11D3-BF4B-00C04F79EFBC}") = "WebColegio", "WebColegio.csproj", "{B165E362-E0C7-4A71-9FD5-15AEA6CA8541}"
EndProject
Global
	GlobalSection(SolutionConfigurationPlatforms) = preSolution
		Debug|Any CPU = Debug|Any CPU
		Release|Any CPU = Release|Any CPU
	EndGlobalSection
	GlobalSection(ProjectConfigurationPlatforms) = postSolution
		{B165E362-E0C7-4A71-9FD5-15AEA6CA8541}.Debug|Any CPU.ActiveCfg = Debug|Any CPU
		{B165E362-E0C7-4A71-9FD5-15AEA6CA8541}.Debug|Any CPU.Build.0 = Debug|Any CPU
		{B165E362-E0C7-4A71-9FD5-15AEA6CA8541}.Release|Any CPU.ActiveCfg = Release|Any CPU
		{B165E362-E0C7-4A71-9FD5-15AEA6CA8541}.Release|Any CPU.Build.0 = Release|Any CPU
	EndGlobalSection
	GlobalSection(SolutionProperties) = preSolution
		HideSolutionNode = FALSE
	EndGlobalSection
	GlobalSection(ExtensibilityGlobals) = postSolution
		SolutionGuid = {17E9386F-4737-45BE-A70D-AABB8DBC9DBA}
	EndGlobalSection
EndGlobal
